
Microsoft Visual Studio Solution File, Format Version 12.00
# Visual Studio Version 17
VisualStudioVersion = 17.1.32421.90
MinimumVisualStudioVersion = 10.0.40219.1
Project("{FAE04EC0-301F-11D3-BF4B-00C04F79EFBC}") = "DiffrentWaysOfWritingQueries", "DiffrentWaysOfWritingQueries\DiffrentWaysOfWritingQueries.csproj", "{BD841556-CBCE-48CB-BCD0-7F95FE46F276}"
EndProject
Global
	GlobalSection(SolutionConfigurationPlatforms) = preSolution
		Debug|Any CPU = Debug|Any CPU
		Release|Any CPU = Release|Any CPU
	EndGlobalSection
	GlobalSection(ProjectConfigurationPlatforms) = postSolution
		{BD841556-CBCE-48CB-BCD0-7F95FE46F276}.Debug|Any CPU.ActiveCfg = Debug|Any CPU
		{BD841556-CBCE-48CB-BCD0-7F95FE46F276}.Debug|Any CPU.Build.0 = Debug|Any CPU
		{BD841556-CBCE-48CB-BCD0-7F95FE46F276}.Release|Any CPU.ActiveCfg = Release|Any CPU
		{BD841556-CBCE-48CB-BCD0-7F95FE46F276}.Release|Any CPU.Build.0 = Release|Any CPU
	EndGlobalSection
	GlobalSection(SolutionProperties) = preSolution
		HideSolutionNode = FALSE
	EndGlobalSection
	GlobalSection(ExtensibilityGlobals) = postSolution
		SolutionGuid = {51E9F1B3-CE40-41F5-A024-A739E1F4BEA6}
	EndGlobalSection
EndGlobal
